
Microsoft Visual Studio Solution File, Format Version 12.00
# Visual Studio Version 17
VisualStudioVersion = 17.5.33516.290
MinimumVisualStudioVersion = 10.0.40219.1
Project("{FAE04EC0-301F-11D3-BF4B-00C04F79EFBC}") = "helloWorld", "helloWorld.csproj", "{B4488F42-9F85-421E-88E6-CC83D3C69BCF}"
EndProject
Global
	GlobalSection(SolutionConfigurationPlatforms) = preSolution
		Debug|Any CPU = Debug|Any CPU
		Release|Any CPU = Release|Any CPU
	EndGlobalSection
	GlobalSection(ProjectConfigurationPlatforms) = postSolution
		{B4488F42-9F85-421E-88E6-CC83D3C69BCF}.Debug|Any CPU.ActiveCfg = Debug|Any CPU
		{B4488F42-9F85-421E-88E6-CC83D3C69BCF}.Debug|Any CPU.Build.0 = Debug|Any CPU
		{B4488F42-9F85-421E-88E6-CC83D3C69BCF}.Release|Any CPU.ActiveCfg = Release|Any CPU
		{B4488F42-9F85-421E-88E6-CC83D3C69BCF}.Release|Any CPU.Build.0 = Release|Any CPU
	EndGlobalSection
	GlobalSection(SolutionProperties) = preSolution
		HideSolutionNode = FALSE
	EndGlobalSection
	GlobalSection(ExtensibilityGlobals) = postSolution
		SolutionGuid = {279CB668-0D8B-4944-B5C7-7B732AB2A1BC}
	EndGlobalSection
EndGlobal
